
Microsoft Visual Studio Solution File, Format Version 12.00
# Visual Studio Version 16
VisualStudioVersion = 16.0.30002.166
MinimumVisualStudioVersion = 10.0.40219.1
Project("{9A19103F-16F7-4668-BE54-9A1E7A4F7556}") = "MPIS.Device.Function", "MPIS.Device.Function\MPIS.Device.Function.csproj", "{8B17DDA6-76A3-4E96-987E-28875AC88E34}"
EndProject
Project("{2150E333-8FDC-42A3-9474-1A3956D46DE8}") = "0 - Base", "0 - Base", "{40654468-0442-4FA8-8A44-45B8BC360481}"
EndProject
Project("{9A19103F-16F7-4668-BE54-9A1E7A4F7556}") = "MPIS.Package.Base", "MPIS.Package.Base\MPIS.Package.Base.csproj", "{F85D7477-36EE-43BE-8187-0EA0CC3BFD74}"
EndProject
Project("{2150E333-8FDC-42A3-9474-1A3956D46DE8}") = "1 - Application Core", "1 - Application Core", "{7DA586CC-BAC8-4F3C-AADF-919B6A0C0AAC}"
EndProject
Project("{2150E333-8FDC-42A3-9474-1A3956D46DE8}") = "1.1 - Domain Model", "1.1 - Domain Model", "{D91D2391-B1C9-4D8D-8CC1-F4E3B5C4CC55}"
EndProject
Project("{9A19103F-16F7-4668-BE54-9A1E7A4F7556}") = "MPIS.Device.DomainModel", "MPIS.Device.DomainModel\MPIS.Device.DomainModel.csproj", "{A1DE0A95-AED4-459C-8144-26F2F6FE1515}"
EndProject
Project("{2150E333-8FDC-42A3-9474-1A3956D46DE8}") = "1.2 - Domain Services", "1.2 - Domain Services", "{66E40B37-F5E3-4D12-876A-3245152BDC29}"
EndProject
Project("{2150E333-8FDC-42A3-9474-1A3956D46DE8}") = "1.3 - Application Services", "1.3 - Application Services", "{A98DCF11-00F1-4E25-9E5F-EF735F32FFA9}"
EndProject
Project("{9A19103F-16F7-4668-BE54-9A1E7A4F7556}") = "MPIS.Device.AplicationService", "MPIS.Device.AplicationService\MPIS.Device.AplicationService.csproj", "{FDAB5707-F954-4448-BBDD-091E4730AF44}"
EndProject
Project("{9A19103F-16F7-4668-BE54-9A1E7A4F7556}") = "MPIS.Device.AplicationService.DTOs", "MPIS.User.AplicationService.DTOs\MPIS.Device.AplicationService.DTOs.csproj", "{20C80633-41D6-4A10-8F02-80AA11BE3DE3}"
EndProject
Project("{2150E333-8FDC-42A3-9474-1A3956D46DE8}") = "2 - Infrastructure", "2 - Infrastructure", "{990EBEA5-6707-4F21-8E13-A7D12ADAE92A}"
EndProject
Project("{2150E333-8FDC-42A3-9474-1A3956D46DE8}") = "AutoMapper", "AutoMapper", "{A5F981F4-A520-4027-8DD0-49B9BB32D17B}"
EndProject
Project("{9A19103F-16F7-4668-BE54-9A1E7A4F7556}") = "MPIS.Device.AutoMapper", "MPIS.Device.AutoMapper\MPIS.Device.AutoMapper.csproj", "{D5BB5AD8-90E0-4127-A353-9CF4FC72C062}"
EndProject
Project("{2150E333-8FDC-42A3-9474-1A3956D46DE8}") = "BBDD", "BBDD", "{3A21BC25-4239-41CE-8BF0-EAF9C26F58FA}"
EndProject
Project("{9A19103F-16F7-4668-BE54-9A1E7A4F7556}") = "MPIS.Package.Repository", "MPIS.Package.Repository\MPIS.Package.Repository.csproj", "{D604A4E2-758C-4861-A114-CD3B5B5523F2}"
EndProject
Project("{9A19103F-16F7-4668-BE54-9A1E7A4F7556}") = "MPIS.Device.RepositoryModel", "MPIS.Device.RepositoryModel\MPIS.Device.RepositoryModel.csproj", "{1EB9BA80-9FF9-4D29-9FBD-DB6EEFDE8A7D}"
EndProject
Project("{2150E333-8FDC-42A3-9474-1A3956D46DE8}") = "HttpMapper", "HttpMapper", "{1B1AA163-9BF8-43B8-86BD-866338F902AF}"
EndProject
Project("{9A19103F-16F7-4668-BE54-9A1E7A4F7556}") = "MPIS.Package.HttpMapper", "MPIS.Package.HttpMapper\MPIS.Package.HttpMapper.csproj", "{27760F20-C5C3-4EC6-9056-ADDA58F2C6FC}"
EndProject
Project("{2150E333-8FDC-42A3-9474-1A3956D46DE8}") = "3 - Tests", "3 - Tests", "{FE6BC9C1-8B98-451D-8D25-224E4006A916}"
EndProject
Project("{9A19103F-16F7-4668-BE54-9A1E7A4F7556}") = "MPIS.Device.Function.Unit.Tests", "MPIS.Device.Function.Unit.Tests\MPIS.Device.Function.Unit.Tests.csproj", "{EFA288AC-A5D4-47AF-99CB-FCD5F88EE86D}"
EndProject
Project("{9A19103F-16F7-4668-BE54-9A1E7A4F7556}") = "MPIS.Device.Function.Models.Tests", "MPIS.Device.Function.Models.Tests\MPIS.Device.Function.Models.Tests.csproj", "{32009CDC-5B26-4800-927C-290E01408D7B}"
EndProject
Project("{9A19103F-16F7-4668-BE54-9A1E7A4F7556}") = "MPIS.Device.Function.Integration.Tests", "MPIS.Device.Function.Integration.Tests\MPIS.Device.Function.Integration.Tests.csproj", "{E6AB5FA3-EEA3-419C-9935-136F33806B0F}"
EndProject
Project("{FAE04EC0-301F-11D3-BF4B-00C04F79EFBC}") = "MPIS.Device.Repository", "MPIS.Device.Repository\MPIS.Device.Repository.csproj", "{F7FC0EA2-BBDB-4193-85CB-A5E0E2445D49}"
EndProject
Project("{2150E333-8FDC-42A3-9474-1A3956D46DE8}") = "EventGrid", "EventGrid", "{2B9AD41D-BCD8-431D-8505-5E87D7CE11B0}"
EndProject
Project("{2150E333-8FDC-42A3-9474-1A3956D46DE8}") = "Package", "Package", "{14534C51-4660-4F9E-88D8-2197A646FEC1}"
EndProject
Project("{FAE04EC0-301F-11D3-BF4B-00C04F79EFBC}") = "MPIS.Package.EventPublisher.AzureEventGrid", "MPIS.Package.EventPublisher.AzureEventGrid\MPIS.Package.EventPublisher.AzureEventGrid.csproj", "{654BF824-6B4C-455B-9661-512C36F4C3F6}"
EndProject
Project("{FAE04EC0-301F-11D3-BF4B-00C04F79EFBC}") = "MPIS.Device.EventGrid", "MPIS.Device.EventGrid\MPIS.Device.EventGrid.csproj", "{96BA708E-9F9D-4E88-BC0A-6A1200CCA5B2}"
EndProject
Project("{2150E333-8FDC-42A3-9474-1A3956D46DE8}") = "FluentValidation", "FluentValidation", "{1E526018-7270-4C6F-8B1C-E32F6898E566}"
EndProject
Project("{FAE04EC0-301F-11D3-BF4B-00C04F79EFBC}") = "MPIS.Device.FluentValidation", "MPIS.Device.FluentValidation\MPIS.Device.FluentValidation.csproj", "{A7AEED24-5C5F-41C4-A4FA-6421633DF0B0}"
EndProject
Global
	GlobalSection(SolutionConfigurationPlatforms) = preSolution
		Debug|Any CPU = Debug|Any CPU
		Release|Any CPU = Release|Any CPU
	EndGlobalSection
	GlobalSection(ProjectConfigurationPlatforms) = postSolution
		{8B17DDA6-76A3-4E96-987E-28875AC88E34}.Debug|Any CPU.ActiveCfg = Debug|Any CPU
		{8B17DDA6-76A3-4E96-987E-28875AC88E34}.Debug|Any CPU.Build.0 = Debug|Any CPU
		{8B17DDA6-76A3-4E96-987E-28875AC88E34}.Release|Any CPU.ActiveCfg = Release|Any CPU
		{8B17DDA6-76A3-4E96-987E-28875AC88E34}.Release|Any CPU.Build.0 = Release|Any CPU
		{F85D7477-36EE-43BE-8187-0EA0CC3BFD74}.Debug|Any CPU.ActiveCfg = Debug|Any CPU
		{F85D7477-36EE-43BE-8187-0EA0CC3BFD74}.Debug|Any CPU.Build.0 = Debug|Any CPU
		{F85D7477-36EE-43BE-8187-0EA0CC3BFD74}.Release|Any CPU.ActiveCfg = Release|Any CPU
		{F85D7477-36EE-43BE-8187-0EA0CC3BFD74}.Release|Any CPU.Build.0 = Release|Any CPU
		{A1DE0A95-AED4-459C-8144-26F2F6FE1515}.Debug|Any CPU.ActiveCfg = Debug|Any CPU
		{A1DE0A95-AED4-459C-8144-26F2F6FE1515}.Debug|Any CPU.Build.0 = Debug|Any CPU
		{A1DE0A95-AED4-459C-8144-26F2F6FE1515}.Release|Any CPU.ActiveCfg = Release|Any CPU
		{A1DE0A95-AED4-459C-8144-26F2F6FE1515}.Release|Any CPU.Build.0 = Release|Any CPU
		{FDAB5707-F954-4448-BBDD-091E4730AF44}.Debug|Any CPU.ActiveCfg = Debug|Any CPU
		{FDAB5707-F954-4448-BBDD-091E4730AF44}.Debug|Any CPU.Build.0 = Debug|Any CPU
		{FDAB5707-F954-4448-BBDD-091E4730AF44}.Release|Any CPU.ActiveCfg = Release|Any CPU
		{FDAB5707-F954-4448-BBDD-091E4730AF44}.Release|Any CPU.Build.0 = Release|Any CPU
		{20C80633-41D6-4A10-8F02-80AA11BE3DE3}.Debug|Any CPU.ActiveCfg = Debug|Any CPU
		{20C80633-41D6-4A10-8F02-80AA11BE3DE3}.Debug|Any CPU.Build.0 = Debug|Any CPU
		{20C80633-41D6-4A10-8F02-80AA11BE3DE3}.Release|Any CPU.ActiveCfg = Release|Any CPU
		{20C80633-41D6-4A10-8F02-80AA11BE3DE3}.Release|Any CPU.Build.0 = Release|Any CPU
		{D5BB5AD8-90E0-4127-A353-9CF4FC72C062}.Debug|Any CPU.ActiveCfg = Debug|Any CPU
		{D5BB5AD8-90E0-4127-A353-9CF4FC72C062}.Debug|Any CPU.Build.0 = Debug|Any CPU
		{D5BB5AD8-90E0-4127-A353-9CF4FC72C062}.Release|Any CPU.ActiveCfg = Release|Any CPU
		{D5BB5AD8-90E0-4127-A353-9CF4FC72C062}.Release|Any CPU.Build.0 = Release|Any CPU
		{D604A4E2-758C-4861-A114-CD3B5B5523F2}.Debug|Any CPU.ActiveCfg = Debug|Any CPU
		{D604A4E2-758C-4861-A114-CD3B5B5523F2}.Debug|Any CPU.Build.0 = Debug|Any CPU
		{D604A4E2-758C-4861-A114-CD3B5B5523F2}.Release|Any CPU.ActiveCfg = Release|Any CPU
		{D604A4E2-758C-4861-A114-CD3B5B5523F2}.Release|Any CPU.Build.0 = Release|Any CPU
		{1EB9BA80-9FF9-4D29-9FBD-DB6EEFDE8A7D}.Debug|Any CPU.ActiveCfg = Debug|Any CPU
		{1EB9BA80-9FF9-4D29-9FBD-DB6EEFDE8A7D}.Debug|Any CPU.Build.0 = Debug|Any CPU
		{1EB9BA80-9FF9-4D29-9FBD-DB6EEFDE8A7D}.Release|Any CPU.ActiveCfg = Release|Any CPU
		{1EB9BA80-9FF9-4D29-9FBD-DB6EEFDE8A7D}.Release|Any CPU.Build.0 = Release|Any CPU
		{27760F20-C5C3-4EC6-9056-ADDA58F2C6FC}.Debug|Any CPU.ActiveCfg = Debug|Any CPU
		{27760F20-C5C3-4EC6-9056-ADDA58F2C6FC}.Debug|Any CPU.Build.0 = Debug|Any CPU
		{27760F20-C5C3-4EC6-9056-ADDA58F2C6FC}.Release|Any CPU.ActiveCfg = Release|Any CPU
		{27760F20-C5C3-4EC6-9056-ADDA58F2C6FC}.Release|Any CPU.Build.0 = Release|Any CPU
		{EFA288AC-A5D4-47AF-99CB-FCD5F88EE86D}.Debug|Any CPU.ActiveCfg = Debug|Any CPU
		{EFA288AC-A5D4-47AF-99CB-FCD5F88EE86D}.Debug|Any CPU.Build.0 = Debug|Any CPU
		{EFA288AC-A5D4-47AF-99CB-FCD5F88EE86D}.Release|Any CPU.ActiveCfg = Release|Any CPU
		{EFA288AC-A5D4-47AF-99CB-FCD5F88EE86D}.Release|Any CPU.Build.0 = Release|Any CPU
		{32009CDC-5B26-4800-927C-290E01408D7B}.Debug|Any CPU.ActiveCfg = Debug|Any CPU
		{32009CDC-5B26-4800-927C-290E01408D7B}.Debug|Any CPU.Build.0 = Debug|Any CPU
		{32009CDC-5B26-4800-927C-290E01408D7B}.Release|Any CPU.ActiveCfg = Release|Any CPU
		{32009CDC-5B26-4800-927C-290E01408D7B}.Release|Any CPU.Build.0 = Release|Any CPU
		{E6AB5FA3-EEA3-419C-9935-136F33806B0F}.Debug|Any CPU.ActiveCfg = Debug|Any CPU
		{E6AB5FA3-EEA3-419C-9935-136F33806B0F}.Debug|Any CPU.Build.0 = Debug|Any CPU
		{E6AB5FA3-EEA3-419C-9935-136F33806B0F}.Release|Any CPU.ActiveCfg = Release|Any CPU
		{E6AB5FA3-EEA3-419C-9935-136F33806B0F}.Release|Any CPU.Build.0 = Release|Any CPU
		{F7FC0EA2-BBDB-4193-85CB-A5E0E2445D49}.Debug|Any CPU.ActiveCfg = Debug|Any CPU
		{F7FC0EA2-BBDB-4193-85CB-A5E0E2445D49}.Debug|Any CPU.Build.0 = Debug|Any CPU
		{F7FC0EA2-BBDB-4193-85CB-A5E0E2445D49}.Release|Any CPU.ActiveCfg = Release|Any CPU
		{F7FC0EA2-BBDB-4193-85CB-A5E0E2445D49}.Release|Any CPU.Build.0 = Release|Any CPU
		{654BF824-6B4C-455B-9661-512C36F4C3F6}.Debug|Any CPU.ActiveCfg = Debug|Any CPU
		{654BF824-6B4C-455B-9661-512C36F4C3F6}.Debug|Any CPU.Build.0 = Debug|Any CPU
		{654BF824-6B4C-455B-9661-512C36F4C3F6}.Release|Any CPU.ActiveCfg = Release|Any CPU
		{654BF824-6B4C-455B-9661-512C36F4C3F6}.Release|Any CPU.Build.0 = Release|Any CPU
		{96BA708E-9F9D-4E88-BC0A-6A1200CCA5B2}.Debug|Any CPU.ActiveCfg = Debug|Any CPU
		{96BA708E-9F9D-4E88-BC0A-6A1200CCA5B2}.Debug|Any CPU.Build.0 = Debug|Any CPU
		{96BA708E-9F9D-4E88-BC0A-6A1200CCA5B2}.Release|Any CPU.ActiveCfg = Release|Any CPU
		{96BA708E-9F9D-4E88-BC0A-6A1200CCA5B2}.Release|Any CPU.Build.0 = Release|Any CPU
		{A7AEED24-5C5F-41C4-A4FA-6421633DF0B0}.Debug|Any CPU.ActiveCfg = Debug|Any CPU
		{A7AEED24-5C5F-41C4-A4FA-6421633DF0B0}.Debug|Any CPU.Build.0 = Debug|Any CPU
		{A7AEED24-5C5F-41C4-A4FA-6421633DF0B0}.Release|Any CPU.ActiveCfg = Release|Any CPU
		{A7AEED24-5C5F-41C4-A4FA-6421633DF0B0}.Release|Any CPU.Build.0 = Release|Any CPU
	EndGlobalSection
	GlobalSection(SolutionProperties) = preSolution
		HideSolutionNode = FALSE
	EndGlobalSection
	GlobalSection(NestedProjects) = preSolution
		{F85D7477-36EE-43BE-8187-0EA0CC3BFD74} = {40654468-0442-4FA8-8A44-45B8BC360481}
		{D91D2391-B1C9-4D8D-8CC1-F4E3B5C4CC55} = {7DA586CC-BAC8-4F3C-AADF-919B6A0C0AAC}
		{A1DE0A95-AED4-459C-8144-26F2F6FE1515} = {D91D2391-B1C9-4D8D-8CC1-F4E3B5C4CC55}
		{66E40B37-F5E3-4D12-876A-3245152BDC29} = {7DA586CC-BAC8-4F3C-AADF-919B6A0C0AAC}
		{A98DCF11-00F1-4E25-9E5F-EF735F32FFA9} = {7DA586CC-BAC8-4F3C-AADF-919B6A0C0AAC}
		{FDAB5707-F954-4448-BBDD-091E4730AF44} = {A98DCF11-00F1-4E25-9E5F-EF735F32FFA9}
		{20C80633-41D6-4A10-8F02-80AA11BE3DE3} = {A98DCF11-00F1-4E25-9E5F-EF735F32FFA9}
		{A5F981F4-A520-4027-8DD0-49B9BB32D17B} = {990EBEA5-6707-4F21-8E13-A7D12ADAE92A}
		{D5BB5AD8-90E0-4127-A353-9CF4FC72C062} = {A5F981F4-A520-4027-8DD0-49B9BB32D17B}
		{3A21BC25-4239-41CE-8BF0-EAF9C26F58FA} = {990EBEA5-6707-4F21-8E13-A7D12ADAE92A}
		{D604A4E2-758C-4861-A114-CD3B5B5523F2} = {3A21BC25-4239-41CE-8BF0-EAF9C26F58FA}
		{1EB9BA80-9FF9-4D29-9FBD-DB6EEFDE8A7D} = {3A21BC25-4239-41CE-8BF0-EAF9C26F58FA}
		{1B1AA163-9BF8-43B8-86BD-866338F902AF} = {990EBEA5-6707-4F21-8E13-A7D12ADAE92A}
		{27760F20-C5C3-4EC6-9056-ADDA58F2C6FC} = {1B1AA163-9BF8-43B8-86BD-866338F902AF}
		{EFA288AC-A5D4-47AF-99CB-FCD5F88EE86D} = {FE6BC9C1-8B98-451D-8D25-224E4006A916}
		{32009CDC-5B26-4800-927C-290E01408D7B} = {FE6BC9C1-8B98-451D-8D25-224E4006A916}
		{E6AB5FA3-EEA3-419C-9935-136F33806B0F} = {FE6BC9C1-8B98-451D-8D25-224E4006A916}
		{F7FC0EA2-BBDB-4193-85CB-A5E0E2445D49} = {3A21BC25-4239-41CE-8BF0-EAF9C26F58FA}
		{2B9AD41D-BCD8-431D-8505-5E87D7CE11B0} = {990EBEA5-6707-4F21-8E13-A7D12ADAE92A}
		{14534C51-4660-4F9E-88D8-2197A646FEC1} = {2B9AD41D-BCD8-431D-8505-5E87D7CE11B0}
		{654BF824-6B4C-455B-9661-512C36F4C3F6} = {14534C51-4660-4F9E-88D8-2197A646FEC1}
		{96BA708E-9F9D-4E88-BC0A-6A1200CCA5B2} = {2B9AD41D-BCD8-431D-8505-5E87D7CE11B0}
		{1E526018-7270-4C6F-8B1C-E32F6898E566} = {990EBEA5-6707-4F21-8E13-A7D12ADAE92A}
		{A7AEED24-5C5F-41C4-A4FA-6421633DF0B0} = {1E526018-7270-4C6F-8B1C-E32F6898E566}
	EndGlobalSection
	GlobalSection(ExtensibilityGlobals) = postSolution
		SolutionGuid = {EF56C0BA-FEE9-4A71-A69C-2F13B7E0EC9E}
	EndGlobalSection
EndGlobal
